
Microsoft Visual Studio Solution File, Format Version 12.00
# Visual Studio Version 17
VisualStudioVersion = 17.9.34622.214
MinimumVisualStudioVersion = 10.0.40219.1
Project("{8BC9CEB8-8B4A-11D0-8D11-00A0C91BC942}") = "HomeWork19", "HomeWork19\HomeWork19.vcxproj", "{CC49EEB9-43C0-4BE5-AD3C-068CE68067D5}"
EndProject
Global
	GlobalSection(SolutionConfigurationPlatforms) = preSolution
		Debug|x64 = Debug|x64
		Debug|x86 = Debug|x86
		Release|x64 = Release|x64
		Release|x86 = Release|x86
	EndGlobalSection
	GlobalSection(ProjectConfigurationPlatforms) = postSolution
		{CC49EEB9-43C0-4BE5-AD3C-068CE68067D5}.Debug|x64.ActiveCfg = Debug|x64
		{CC49EEB9-43C0-4BE5-AD3C-068CE68067D5}.Debug|x64.Build.0 = Debug|x64
		{CC49EEB9-43C0-4BE5-AD3C-068CE68067D5}.Debug|x86.ActiveCfg = Debug|Win32
		{CC49EEB9-43C0-4BE5-AD3C-068CE68067D5}.Debug|x86.Build.0 = Debug|Win32
		{CC49EEB9-43C0-4BE5-AD3C-068CE68067D5}.Release|x64.ActiveCfg = Release|x64
		{CC49EEB9-43C0-4BE5-AD3C-068CE68067D5}.Release|x64.Build.0 = Release|x64
		{CC49EEB9-43C0-4BE5-AD3C-068CE68067D5}.Release|x86.ActiveCfg = Release|Win32
		{CC49EEB9-43C0-4BE5-AD3C-068CE68067D5}.Release|x86.Build.0 = Release|Win32
	EndGlobalSection
	GlobalSection(SolutionProperties) = preSolution
		HideSolutionNode = FALSE
	EndGlobalSection
	GlobalSection(ExtensibilityGlobals) = postSolution
		SolutionGuid = {54924667-93D9-4256-9FE4-FB9A1C4FF0C7}
	EndGlobalSection
EndGlobal
